
Microsoft Visual Studio Solution File, Format Version 12.00
# Visual Studio Version 17
VisualStudioVersion = 17.4.33213.308
MinimumVisualStudioVersion = 10.0.40219.1
Project("{FAE04EC0-301F-11D3-BF4B-00C04F79EFBC}") = "RazorPagesMovie", "RazorPagesMovie\RazorPagesMovie.csproj", "{653A8A5C-910A-4F34-BD6E-AD154843927D}"
EndProject
Global
	GlobalSection(SolutionConfigurationPlatforms) = preSolution
		Debug|Any CPU = Debug|Any CPU
		Release|Any CPU = Release|Any CPU
	EndGlobalSection
	GlobalSection(ProjectConfigurationPlatforms) = postSolution
		{653A8A5C-910A-4F34-BD6E-AD154843927D}.Debug|Any CPU.ActiveCfg = Debug|Any CPU
		{653A8A5C-910A-4F34-BD6E-AD154843927D}.Debug|Any CPU.Build.0 = Debug|Any CPU
		{653A8A5C-910A-4F34-BD6E-AD154843927D}.Release|Any CPU.ActiveCfg = Release|Any CPU
		{653A8A5C-910A-4F34-BD6E-AD154843927D}.Release|Any CPU.Build.0 = Release|Any CPU
	EndGlobalSection
	GlobalSection(SolutionProperties) = preSolution
		HideSolutionNode = FALSE
	EndGlobalSection
	GlobalSection(ExtensibilityGlobals) = postSolution
		SolutionGuid = {A71FD6D7-A52C-4A20-B36A-F78DE7B3EFA1}
	EndGlobalSection
EndGlobal
